
Microsoft Visual Studio Solution File, Format Version 12.00
# Visual Studio 15
Project("{FAE04EC0-301F-11D3-BF4B-00C04F79EFBC}") = "RazorPagesMovie", "RazorPagesMovie\RazorPagesMovie.csproj", "{FA3D2989-487C-4F3F-97C3-278FA0FC6F7E}"
EndProject
Global
	GlobalSection(SolutionConfigurationPlatforms) = preSolution
		Debug|Any CPU = Debug|Any CPU
		Release|Any CPU = Release|Any CPU
	EndGlobalSection
	GlobalSection(ProjectConfigurationPlatforms) = postSolution
		{FA3D2989-487C-4F3F-97C3-278FA0FC6F7E}.Debug|Any CPU.ActiveCfg = Debug|Any CPU
		{FA3D2989-487C-4F3F-97C3-278FA0FC6F7E}.Debug|Any CPU.Build.0 = Debug|Any CPU
		{FA3D2989-487C-4F3F-97C3-278FA0FC6F7E}.Release|Any CPU.ActiveCfg = Release|Any CPU
		{FA3D2989-487C-4F3F-97C3-278FA0FC6F7E}.Release|Any CPU.Build.0 = Release|Any CPU
	EndGlobalSection
EndGlobal
